
Microsoft Visual Studio Solution File, Format Version 12.00
# Visual Studio Version 17
VisualStudioVersion = 17.14.36127.28 d17.14
MinimumVisualStudioVersion = 10.0.40219.1
Project("{FAE04EC0-301F-11D3-BF4B-00C04F79EFBC}") = "SendApiWithAspire", "SendApiWithAspire\SendApiWithAspire.csproj", "{FFFBC4E5-0315-F0EC-AB4D-CCB2D7FFA14F}"
EndProject
Project("{FAE04EC0-301F-11D3-BF4B-00C04F79EFBC}") = "SendApiWithAspire.AppHost", "SendApiWithAspire.AppHost\SendApiWithAspire.AppHost.csproj", "{9E67C8E1-4601-4456-9C48-9B37DEB31EC4}"
EndProject
Project("{FAE04EC0-301F-11D3-BF4B-00C04F79EFBC}") = "SendApiWithAspire.ServiceDefaults", "SendApiWithAspire.ServiceDefaults\SendApiWithAspire.ServiceDefaults.csproj", "{B96242CE-B636-6087-FBBD-A08C5B7C4F8A}"
EndProject
Project("{FAE04EC0-301F-11D3-BF4B-00C04F79EFBC}") = "SendApi.Service", "SendApi.Service\SendApi.Service.csproj", "{8D990BB2-7DCA-49F7-963B-70AF03741CA7}"
EndProject
Project("{FAE04EC0-301F-11D3-BF4B-00C04F79EFBC}") = "SendApi.Infrastructure", "SendApi.Infrastructure\SendApi.Infrastructure.csproj", "{34312939-B245-4FDD-AE10-F059506CD98B}"
EndProject
Global
	GlobalSection(SolutionConfigurationPlatforms) = preSolution
		Debug|Any CPU = Debug|Any CPU
		Release|Any CPU = Release|Any CPU
	EndGlobalSection
	GlobalSection(ProjectConfigurationPlatforms) = postSolution
		{FFFBC4E5-0315-F0EC-AB4D-CCB2D7FFA14F}.Debug|Any CPU.ActiveCfg = Debug|Any CPU
		{FFFBC4E5-0315-F0EC-AB4D-CCB2D7FFA14F}.Debug|Any CPU.Build.0 = Debug|Any CPU
		{FFFBC4E5-0315-F0EC-AB4D-CCB2D7FFA14F}.Release|Any CPU.ActiveCfg = Release|Any CPU
		{FFFBC4E5-0315-F0EC-AB4D-CCB2D7FFA14F}.Release|Any CPU.Build.0 = Release|Any CPU
		{9E67C8E1-4601-4456-9C48-9B37DEB31EC4}.Debug|Any CPU.ActiveCfg = Debug|Any CPU
		{9E67C8E1-4601-4456-9C48-9B37DEB31EC4}.Debug|Any CPU.Build.0 = Debug|Any CPU
		{9E67C8E1-4601-4456-9C48-9B37DEB31EC4}.Release|Any CPU.ActiveCfg = Release|Any CPU
		{9E67C8E1-4601-4456-9C48-9B37DEB31EC4}.Release|Any CPU.Build.0 = Release|Any CPU
		{B96242CE-B636-6087-FBBD-A08C5B7C4F8A}.Debug|Any CPU.ActiveCfg = Debug|Any CPU
		{B96242CE-B636-6087-FBBD-A08C5B7C4F8A}.Debug|Any CPU.Build.0 = Debug|Any CPU
		{B96242CE-B636-6087-FBBD-A08C5B7C4F8A}.Release|Any CPU.ActiveCfg = Release|Any CPU
		{B96242CE-B636-6087-FBBD-A08C5B7C4F8A}.Release|Any CPU.Build.0 = Release|Any CPU
		{8D990BB2-7DCA-49F7-963B-70AF03741CA7}.Debug|Any CPU.ActiveCfg = Debug|Any CPU
		{8D990BB2-7DCA-49F7-963B-70AF03741CA7}.Debug|Any CPU.Build.0 = Debug|Any CPU
		{8D990BB2-7DCA-49F7-963B-70AF03741CA7}.Release|Any CPU.ActiveCfg = Release|Any CPU
		{8D990BB2-7DCA-49F7-963B-70AF03741CA7}.Release|Any CPU.Build.0 = Release|Any CPU
		{34312939-B245-4FDD-AE10-F059506CD98B}.Debug|Any CPU.ActiveCfg = Debug|Any CPU
		{34312939-B245-4FDD-AE10-F059506CD98B}.Debug|Any CPU.Build.0 = Debug|Any CPU
		{34312939-B245-4FDD-AE10-F059506CD98B}.Release|Any CPU.ActiveCfg = Release|Any CPU
		{34312939-B245-4FDD-AE10-F059506CD98B}.Release|Any CPU.Build.0 = Release|Any CPU
	EndGlobalSection
	GlobalSection(SolutionProperties) = preSolution
		HideSolutionNode = FALSE
	EndGlobalSection
	GlobalSection(ExtensibilityGlobals) = postSolution
		SolutionGuid = {CF508AC3-E00A-46A8-B6DB-4E2B8B61B215}
	EndGlobalSection
EndGlobal
